
Microsoft Visual Studio Solution File, Format Version 12.00
# Visual Studio 14
VisualStudioVersion = 14.0.25420.1
MinimumVisualStudioVersion = 10.0.40219.1
Project("{FAE04EC0-301F-11D3-BF4B-00C04F79EFBC}") = "HuntingRegistry", "HuntingRegistry\HuntingRegistry.csproj", "{823B4AB4-5112-47A1-BA96-29A85AA99ECF}"
EndProject
Global
	GlobalSection(SolutionConfigurationPlatforms) = preSolution
		Debug|Any CPU = Debug|Any CPU
		Release|Any CPU = Release|Any CPU
	EndGlobalSection
	GlobalSection(ProjectConfigurationPlatforms) = postSolution
		{823B4AB4-5112-47A1-BA96-29A85AA99ECF}.Debug|Any CPU.ActiveCfg = Debug|Any CPU
		{823B4AB4-5112-47A1-BA96-29A85AA99ECF}.Debug|Any CPU.Build.0 = Debug|Any CPU
		{823B4AB4-5112-47A1-BA96-29A85AA99ECF}.Release|Any CPU.ActiveCfg = Release|Any CPU
		{823B4AB4-5112-47A1-BA96-29A85AA99ECF}.Release|Any CPU.Build.0 = Release|Any CPU
	EndGlobalSection
	GlobalSection(SolutionProperties) = preSolution
		HideSolutionNode = FALSE
	EndGlobalSection
EndGlobal
